
Microsoft Visual Studio Solution File, Format Version 12.00
# Visual Studio 15
VisualStudioVersion = 15.0.26430.6
MinimumVisualStudioVersion = 10.0.40219.1
Project("{FAE04EC0-301F-11D3-BF4B-00C04F79EFBC}") = "WebMailService", "WebMailService\WebMailService.csproj", "{21497E9B-7A17-4412-BA7F-2D642DD680E1}"
EndProject
Project("{FAE04EC0-301F-11D3-BF4B-00C04F79EFBC}") = "WebMailService.Context", "WebMailService.Context\WebMailService.Context.csproj", "{3630CE34-5D3A-487F-A93A-5067C5082E26}"
EndProject
Project("{FAE04EC0-301F-11D3-BF4B-00C04F79EFBC}") = "WebMailService.Model", "WebMailService.Model\WebMailService.Model.csproj", "{54EF1ED7-4D7F-4713-AFB7-4FB696CEF6DF}"
EndProject
Project("{FAE04EC0-301F-11D3-BF4B-00C04F79EFBC}") = "WebMailService.ConsoleApp", "WebMailService.ConsoleApp\WebMailService.ConsoleApp.csproj", "{9043CD9F-7C85-4EC0-A13D-B2DFDCFAEFCE}"
EndProject
Project("{FAE04EC0-301F-11D3-BF4B-00C04F79EFBC}") = "WebMailService.Repository", "WebMailService.Repository\WebMailService.Repository.csproj", "{F247C3B0-E362-4A9F-9C9A-51F40C62F099}"
EndProject
Project("{FAE04EC0-301F-11D3-BF4B-00C04F79EFBC}") = "WebMailService.Repository.DB", "WebMailService.Repository.DB\WebMailService.Repository.DB.csproj", "{8F951675-0DD5-433C-B91D-D9E488D3AD3C}"
EndProject
Global
	GlobalSection(SolutionConfigurationPlatforms) = preSolution
		Debug|Any CPU = Debug|Any CPU
		Release|Any CPU = Release|Any CPU
	EndGlobalSection
	GlobalSection(ProjectConfigurationPlatforms) = postSolution
		{21497E9B-7A17-4412-BA7F-2D642DD680E1}.Debug|Any CPU.ActiveCfg = Debug|Any CPU
		{21497E9B-7A17-4412-BA7F-2D642DD680E1}.Debug|Any CPU.Build.0 = Debug|Any CPU
		{21497E9B-7A17-4412-BA7F-2D642DD680E1}.Release|Any CPU.ActiveCfg = Release|Any CPU
		{21497E9B-7A17-4412-BA7F-2D642DD680E1}.Release|Any CPU.Build.0 = Release|Any CPU
		{3630CE34-5D3A-487F-A93A-5067C5082E26}.Debug|Any CPU.ActiveCfg = Debug|Any CPU
		{3630CE34-5D3A-487F-A93A-5067C5082E26}.Debug|Any CPU.Build.0 = Debug|Any CPU
		{3630CE34-5D3A-487F-A93A-5067C5082E26}.Release|Any CPU.ActiveCfg = Release|Any CPU
		{3630CE34-5D3A-487F-A93A-5067C5082E26}.Release|Any CPU.Build.0 = Release|Any CPU
		{54EF1ED7-4D7F-4713-AFB7-4FB696CEF6DF}.Debug|Any CPU.ActiveCfg = Debug|Any CPU
		{54EF1ED7-4D7F-4713-AFB7-4FB696CEF6DF}.Debug|Any CPU.Build.0 = Debug|Any CPU
		{54EF1ED7-4D7F-4713-AFB7-4FB696CEF6DF}.Release|Any CPU.ActiveCfg = Release|Any CPU
		{54EF1ED7-4D7F-4713-AFB7-4FB696CEF6DF}.Release|Any CPU.Build.0 = Release|Any CPU
		{9043CD9F-7C85-4EC0-A13D-B2DFDCFAEFCE}.Debug|Any CPU.ActiveCfg = Debug|Any CPU
		{9043CD9F-7C85-4EC0-A13D-B2DFDCFAEFCE}.Debug|Any CPU.Build.0 = Debug|Any CPU
		{9043CD9F-7C85-4EC0-A13D-B2DFDCFAEFCE}.Release|Any CPU.ActiveCfg = Release|Any CPU
		{9043CD9F-7C85-4EC0-A13D-B2DFDCFAEFCE}.Release|Any CPU.Build.0 = Release|Any CPU
		{F247C3B0-E362-4A9F-9C9A-51F40C62F099}.Debug|Any CPU.ActiveCfg = Debug|Any CPU
		{F247C3B0-E362-4A9F-9C9A-51F40C62F099}.Debug|Any CPU.Build.0 = Debug|Any CPU
		{F247C3B0-E362-4A9F-9C9A-51F40C62F099}.Release|Any CPU.ActiveCfg = Release|Any CPU
		{F247C3B0-E362-4A9F-9C9A-51F40C62F099}.Release|Any CPU.Build.0 = Release|Any CPU
		{8F951675-0DD5-433C-B91D-D9E488D3AD3C}.Debug|Any CPU.ActiveCfg = Debug|Any CPU
		{8F951675-0DD5-433C-B91D-D9E488D3AD3C}.Debug|Any CPU.Build.0 = Debug|Any CPU
		{8F951675-0DD5-433C-B91D-D9E488D3AD3C}.Release|Any CPU.ActiveCfg = Release|Any CPU
		{8F951675-0DD5-433C-B91D-D9E488D3AD3C}.Release|Any CPU.Build.0 = Release|Any CPU
	EndGlobalSection
	GlobalSection(SolutionProperties) = preSolution
		HideSolutionNode = FALSE
	EndGlobalSection
EndGlobal
