
Microsoft Visual Studio Solution File, Format Version 12.00
# Visual Studio 15
VisualStudioVersion = 15.0.26430.6
MinimumVisualStudioVersion = 10.0.40219.1
Project("{FAE04EC0-301F-11D3-BF4B-00C04F79EFBC}") = "WebMailService", "WebMailService\WebMailService.csproj", "{21497E9B-7A17-4412-BA7F-2D642DD680E1}"
EndProject
Project("{FAE04EC0-301F-11D3-BF4B-00C04F79EFBC}") = "WebMailService.Context", "WebMailService.Context\WebMailService.Context.csproj", "{3630CE34-5D3A-487F-A93A-5067C5082E26}"
EndProject
Project("{FAE04EC0-301F-11D3-BF4B-00C04F79EFBC}") = "WebMailService.Model", "WebMailService.Model\WebMailService.Model.csproj", "{54EF1ED7-4D7F-4713-AFB7-4FB696CEF6DF}"
EndProject
Project("{FAE04EC0-301F-11D3-BF4B-00C04F79EFBC}") = "WebMailService.ConsoleApp", "WebMailService.ConsoleApp\WebMailService.ConsoleApp.csproj", "{9043CD9F-7C85-4EC0-A13D-B2DFDCFAEFCE}"
EndProject
Project("{FAE04EC0-301F-11D3-BF4B-00C04F79EFBC}") = "WebMailService.Repository", "WebMailService.Repository\WebMailService.Repository.csproj", "{F247C3B0-E362-4A9F-9C9A-51F40C62F099}"
EndProject
Project("{FAE04EC0-301F-11D3-BF4B-00C04F79EFBC}") = "WebMailService.Repository.DB", "WebMailService.Repository.DB\WebMailService.Repository.DB.csproj", "{8F951675-0DD5-433C-B91D-D9E488D3AD3C}"
EndProject
Project("{FAE04EC0-301F-11D3-BF4B-00C04F79EFBC}") = "WebMailService.BusinessLogic", "WebMailService.BusinessLogic\WebMailService.BusinessLogic.csproj", "{6FBFF5D4-3524-4273-B5EA-645CA8C51798}"
EndProject
Project("{FAE04EC0-301F-11D3-BF4B-00C04F79EFBC}") = "WebMailService.BusinessLogic.Managers", "WebMailService.BusinessLogic.Managers\WebMailService.BusinessLogic.Managers.csproj", "{6872E465-4441-45AE-8CA9-F96EC23DFADE}"
EndProject
Project("{FAE04EC0-301F-11D3-BF4B-00C04F79EFBC}") = "WebMailService.Helpers", "WebMailService.Helpers\WebMailService.Helpers.csproj", "{65A61053-983F-4764-9AD6-FE87E94FABD9}"
EndProject
Project("{FAE04EC0-301F-11D3-BF4B-00C04F79EFBC}") = "ITNewsService", "ITNewsService\ITNewsService.csproj", "{B1B1A00B-56C7-4B71-8603-26346F62C32D}"
EndProject
Project("{FAE04EC0-301F-11D3-BF4B-00C04F79EFBC}") = "ITNewsService.Model", "ITNewsService.Model\ITNewsService.Model.csproj", "{8BF8AEA0-F6C3-4250-85D9-7E6F45D1A7CC}"
EndProject
Project("{FAE04EC0-301F-11D3-BF4B-00C04F79EFBC}") = "ITNewsService.Context", "ITNewsService.Context\ITNewsService.Context.csproj", "{9CFCFD00-0C33-4A60-B092-CB7A0CE5927B}"
EndProject
Project("{FAE04EC0-301F-11D3-BF4B-00C04F79EFBC}") = "ITNewsService.Repository", "ITNewsService.Repository\ITNewsService.Repository.csproj", "{906266ED-17C6-4167-8B88-939E2405FD0F}"
EndProject
Project("{FAE04EC0-301F-11D3-BF4B-00C04F79EFBC}") = "ITNewsService.Repository.DB", "ITNewsService.Repository.DB\ITNewsService.Repository.DB.csproj", "{28DD111F-1515-4CD7-9B86-D5EE9EA3FA58}"
EndProject
Project("{FAE04EC0-301F-11D3-BF4B-00C04F79EFBC}") = "ITNewsService.ConsoleApp", "ITNewsService.ConsoleApp\ITNewsService.ConsoleApp.csproj", "{87DBC12B-25BE-445C-8E5B-1A9B7EA42A84}"
EndProject
Global
	GlobalSection(SolutionConfigurationPlatforms) = preSolution
		Debug|Any CPU = Debug|Any CPU
		Release|Any CPU = Release|Any CPU
	EndGlobalSection
	GlobalSection(ProjectConfigurationPlatforms) = postSolution
		{21497E9B-7A17-4412-BA7F-2D642DD680E1}.Debug|Any CPU.ActiveCfg = Debug|Any CPU
		{21497E9B-7A17-4412-BA7F-2D642DD680E1}.Debug|Any CPU.Build.0 = Debug|Any CPU
		{21497E9B-7A17-4412-BA7F-2D642DD680E1}.Release|Any CPU.ActiveCfg = Release|Any CPU
		{21497E9B-7A17-4412-BA7F-2D642DD680E1}.Release|Any CPU.Build.0 = Release|Any CPU
		{3630CE34-5D3A-487F-A93A-5067C5082E26}.Debug|Any CPU.ActiveCfg = Debug|Any CPU
		{3630CE34-5D3A-487F-A93A-5067C5082E26}.Debug|Any CPU.Build.0 = Debug|Any CPU
		{3630CE34-5D3A-487F-A93A-5067C5082E26}.Release|Any CPU.ActiveCfg = Release|Any CPU
		{3630CE34-5D3A-487F-A93A-5067C5082E26}.Release|Any CPU.Build.0 = Release|Any CPU
		{54EF1ED7-4D7F-4713-AFB7-4FB696CEF6DF}.Debug|Any CPU.ActiveCfg = Debug|Any CPU
		{54EF1ED7-4D7F-4713-AFB7-4FB696CEF6DF}.Debug|Any CPU.Build.0 = Debug|Any CPU
		{54EF1ED7-4D7F-4713-AFB7-4FB696CEF6DF}.Release|Any CPU.ActiveCfg = Release|Any CPU
		{54EF1ED7-4D7F-4713-AFB7-4FB696CEF6DF}.Release|Any CPU.Build.0 = Release|Any CPU
		{9043CD9F-7C85-4EC0-A13D-B2DFDCFAEFCE}.Debug|Any CPU.ActiveCfg = Debug|Any CPU
		{9043CD9F-7C85-4EC0-A13D-B2DFDCFAEFCE}.Debug|Any CPU.Build.0 = Debug|Any CPU
		{9043CD9F-7C85-4EC0-A13D-B2DFDCFAEFCE}.Release|Any CPU.ActiveCfg = Release|Any CPU
		{9043CD9F-7C85-4EC0-A13D-B2DFDCFAEFCE}.Release|Any CPU.Build.0 = Release|Any CPU
		{F247C3B0-E362-4A9F-9C9A-51F40C62F099}.Debug|Any CPU.ActiveCfg = Debug|Any CPU
		{F247C3B0-E362-4A9F-9C9A-51F40C62F099}.Debug|Any CPU.Build.0 = Debug|Any CPU
		{F247C3B0-E362-4A9F-9C9A-51F40C62F099}.Release|Any CPU.ActiveCfg = Release|Any CPU
		{F247C3B0-E362-4A9F-9C9A-51F40C62F099}.Release|Any CPU.Build.0 = Release|Any CPU
		{8F951675-0DD5-433C-B91D-D9E488D3AD3C}.Debug|Any CPU.ActiveCfg = Debug|Any CPU
		{8F951675-0DD5-433C-B91D-D9E488D3AD3C}.Debug|Any CPU.Build.0 = Debug|Any CPU
		{8F951675-0DD5-433C-B91D-D9E488D3AD3C}.Release|Any CPU.ActiveCfg = Release|Any CPU
		{8F951675-0DD5-433C-B91D-D9E488D3AD3C}.Release|Any CPU.Build.0 = Release|Any CPU
		{6FBFF5D4-3524-4273-B5EA-645CA8C51798}.Debug|Any CPU.ActiveCfg = Debug|Any CPU
		{6FBFF5D4-3524-4273-B5EA-645CA8C51798}.Debug|Any CPU.Build.0 = Debug|Any CPU
		{6FBFF5D4-3524-4273-B5EA-645CA8C51798}.Release|Any CPU.ActiveCfg = Release|Any CPU
		{6FBFF5D4-3524-4273-B5EA-645CA8C51798}.Release|Any CPU.Build.0 = Release|Any CPU
		{6872E465-4441-45AE-8CA9-F96EC23DFADE}.Debug|Any CPU.ActiveCfg = Debug|Any CPU
		{6872E465-4441-45AE-8CA9-F96EC23DFADE}.Debug|Any CPU.Build.0 = Debug|Any CPU
		{6872E465-4441-45AE-8CA9-F96EC23DFADE}.Release|Any CPU.ActiveCfg = Release|Any CPU
		{6872E465-4441-45AE-8CA9-F96EC23DFADE}.Release|Any CPU.Build.0 = Release|Any CPU
		{65A61053-983F-4764-9AD6-FE87E94FABD9}.Debug|Any CPU.ActiveCfg = Debug|Any CPU
		{65A61053-983F-4764-9AD6-FE87E94FABD9}.Debug|Any CPU.Build.0 = Debug|Any CPU
		{65A61053-983F-4764-9AD6-FE87E94FABD9}.Release|Any CPU.ActiveCfg = Release|Any CPU
		{65A61053-983F-4764-9AD6-FE87E94FABD9}.Release|Any CPU.Build.0 = Release|Any CPU
		{B1B1A00B-56C7-4B71-8603-26346F62C32D}.Debug|Any CPU.ActiveCfg = Debug|Any CPU
		{B1B1A00B-56C7-4B71-8603-26346F62C32D}.Debug|Any CPU.Build.0 = Debug|Any CPU
		{B1B1A00B-56C7-4B71-8603-26346F62C32D}.Release|Any CPU.ActiveCfg = Release|Any CPU
		{B1B1A00B-56C7-4B71-8603-26346F62C32D}.Release|Any CPU.Build.0 = Release|Any CPU
		{8BF8AEA0-F6C3-4250-85D9-7E6F45D1A7CC}.Debug|Any CPU.ActiveCfg = Debug|Any CPU
		{8BF8AEA0-F6C3-4250-85D9-7E6F45D1A7CC}.Debug|Any CPU.Build.0 = Debug|Any CPU
		{8BF8AEA0-F6C3-4250-85D9-7E6F45D1A7CC}.Release|Any CPU.ActiveCfg = Release|Any CPU
		{8BF8AEA0-F6C3-4250-85D9-7E6F45D1A7CC}.Release|Any CPU.Build.0 = Release|Any CPU
		{9CFCFD00-0C33-4A60-B092-CB7A0CE5927B}.Debug|Any CPU.ActiveCfg = Debug|Any CPU
		{9CFCFD00-0C33-4A60-B092-CB7A0CE5927B}.Debug|Any CPU.Build.0 = Debug|Any CPU
		{9CFCFD00-0C33-4A60-B092-CB7A0CE5927B}.Release|Any CPU.ActiveCfg = Release|Any CPU
		{9CFCFD00-0C33-4A60-B092-CB7A0CE5927B}.Release|Any CPU.Build.0 = Release|Any CPU
		{906266ED-17C6-4167-8B88-939E2405FD0F}.Debug|Any CPU.ActiveCfg = Debug|Any CPU
		{906266ED-17C6-4167-8B88-939E2405FD0F}.Debug|Any CPU.Build.0 = Debug|Any CPU
		{906266ED-17C6-4167-8B88-939E2405FD0F}.Release|Any CPU.ActiveCfg = Release|Any CPU
		{906266ED-17C6-4167-8B88-939E2405FD0F}.Release|Any CPU.Build.0 = Release|Any CPU
		{28DD111F-1515-4CD7-9B86-D5EE9EA3FA58}.Debug|Any CPU.ActiveCfg = Debug|Any CPU
		{28DD111F-1515-4CD7-9B86-D5EE9EA3FA58}.Debug|Any CPU.Build.0 = Debug|Any CPU
		{28DD111F-1515-4CD7-9B86-D5EE9EA3FA58}.Release|Any CPU.ActiveCfg = Release|Any CPU
		{28DD111F-1515-4CD7-9B86-D5EE9EA3FA58}.Release|Any CPU.Build.0 = Release|Any CPU
		{87DBC12B-25BE-445C-8E5B-1A9B7EA42A84}.Debug|Any CPU.ActiveCfg = Debug|Any CPU
		{87DBC12B-25BE-445C-8E5B-1A9B7EA42A84}.Debug|Any CPU.Build.0 = Debug|Any CPU
		{87DBC12B-25BE-445C-8E5B-1A9B7EA42A84}.Release|Any CPU.ActiveCfg = Release|Any CPU
		{87DBC12B-25BE-445C-8E5B-1A9B7EA42A84}.Release|Any CPU.Build.0 = Release|Any CPU
	EndGlobalSection
	GlobalSection(SolutionProperties) = preSolution
		HideSolutionNode = FALSE
	EndGlobalSection
EndGlobal
